
Microsoft Visual Studio Solution File, Format Version 12.00
# Visual Studio Version 17
VisualStudioVersion = 17.11.35303.130
MinimumVisualStudioVersion = 10.0.40219.1
Project("{FAE04EC0-301F-11D3-BF4B-00C04F79EFBC}") = "FinprintProject", "FinprintProject.csproj", "{80C924E1-B11A-49B5-A882-BC8CD9F63F67}"
EndProject
Global
	GlobalSection(SolutionConfigurationPlatforms) = preSolution
		Debug|Any CPU = Debug|Any CPU
		Release|Any CPU = Release|Any CPU
	EndGlobalSection
	GlobalSection(ProjectConfigurationPlatforms) = postSolution
		{80C924E1-B11A-49B5-A882-BC8CD9F63F67}.Debug|Any CPU.ActiveCfg = Debug|Any CPU
		{80C924E1-B11A-49B5-A882-BC8CD9F63F67}.Debug|Any CPU.Build.0 = Debug|Any CPU
		{80C924E1-B11A-49B5-A882-BC8CD9F63F67}.Release|Any CPU.ActiveCfg = Release|Any CPU
		{80C924E1-B11A-49B5-A882-BC8CD9F63F67}.Release|Any CPU.Build.0 = Release|Any CPU
	EndGlobalSection
	GlobalSection(SolutionProperties) = preSolution
		HideSolutionNode = FALSE
	EndGlobalSection
	GlobalSection(ExtensibilityGlobals) = postSolution
		SolutionGuid = {E78FCF8D-6F7B-442F-974D-F9E47F033909}
	EndGlobalSection
EndGlobal
